
Microsoft Visual Studio Solution File, Format Version 12.00
# Visual Studio Version 17
VisualStudioVersion = 17.14.36202.13 d17.14
MinimumVisualStudioVersion = 10.0.40219.1
Project("{FAE04EC0-301F-11D3-BF4B-00C04F79EFBC}") = "UserManagementAPI", "UserManagementAPI.csproj", "{555E962F-E01A-4EA6-97F4-8B1A4F54A53E}"
EndProject
Global
	GlobalSection(SolutionConfigurationPlatforms) = preSolution
		Debug|Any CPU = Debug|Any CPU
		Release|Any CPU = Release|Any CPU
	EndGlobalSection
	GlobalSection(ProjectConfigurationPlatforms) = postSolution
		{555E962F-E01A-4EA6-97F4-8B1A4F54A53E}.Debug|Any CPU.ActiveCfg = Debug|Any CPU
		{555E962F-E01A-4EA6-97F4-8B1A4F54A53E}.Debug|Any CPU.Build.0 = Debug|Any CPU
		{555E962F-E01A-4EA6-97F4-8B1A4F54A53E}.Release|Any CPU.ActiveCfg = Release|Any CPU
		{555E962F-E01A-4EA6-97F4-8B1A4F54A53E}.Release|Any CPU.Build.0 = Release|Any CPU
	EndGlobalSection
	GlobalSection(SolutionProperties) = preSolution
		HideSolutionNode = FALSE
	EndGlobalSection
	GlobalSection(ExtensibilityGlobals) = postSolution
		SolutionGuid = {110B8489-5AF7-4FF4-B2AB-013558A34567}
	EndGlobalSection
EndGlobal
